// !$*UTF8*$!
{
	archiveVersion = 1;
	classes = {
	};
	objectVersion = 55;
	objects = {

/* Begin PBXBuildFile section */
		700656B9299BD254003FEA91 /* TimerController.swift in Sources */ = {isa = PBXBuildFile; fileRef = 700656B8299BD254003FEA91 /* TimerController.swift */; };
		70BCD5A729999C59000D89B7 /* AppDelegate.swift in Sources */ = {isa = PBXBuildFile; fileRef = 70BCD5A629999C59000D89B7 /* AppDelegate.swift */; };
		70BCD5B129999C59000D89B7 /* TenTimer.xcdatamodeld in Sources */ = {isa = PBXBuildFile; fileRef = 70BCD5AF29999C59000D89B7 /* TenTimer.xcdatamodeld */; };
		70BCD5B329999C5E000D89B7 /* Assets.xcassets in Resources */ = {isa = PBXBuildFile; fileRef = 70BCD5B229999C5E000D89B7 /* Assets.xcassets */; };
		70BCD5B629999C5E000D89B7 /* LaunchScreen.storyboard in Resources */ = {isa = PBXBuildFile; fileRef = 70BCD5B429999C5E000D89B7 /* LaunchScreen.storyboard */; };
		70BCD5BE29999D41000D89B7 /* HomeController.swift in Sources */ = {isa = PBXBuildFile; fileRef = 70BCD5BD29999D41000D89B7 /* HomeController.swift */; };
		70BCD5C529999F03000D89B7 /* UIView+Extensions.swift in Sources */ = {isa = PBXBuildFile; fileRef = 70BCD5C429999F03000D89B7 /* UIView+Extensions.swift */; };
		70BCD5C929999FA6000D89B7 /* Constants.swift in Sources */ = {isa = PBXBuildFile; fileRef = 70BCD5C829999FA6000D89B7 /* Constants.swift */; };
		70BCD5CB2999A278000D89B7 /* TimerCell.swift in Sources */ = {isa = PBXBuildFile; fileRef = 70BCD5CA2999A277000D89B7 /* TimerCell.swift */; };
		70BCD5CD2999A2BA000D89B7 /* UIColor+Extensions.swift in Sources */ = {isa = PBXBuildFile; fileRef = 70BCD5CC2999A2BA000D89B7 /* UIColor+Extensions.swift */; };
		70BCD5CF2999A427000D89B7 /* UIButton+Extensions.swift in Sources */ = {isa = PBXBuildFile; fileRef = 70BCD5CE2999A427000D89B7 /* UIButton+Extensions.swift */; };
		70BCD5D12999A44C000D89B7 /* UIImage+Extensions.swift in Sources */ = {isa = PBXBuildFile; fileRef = 70BCD5D02999A44C000D89B7 /* UIImage+Extensions.swift */; };
		70BCD5D32999C24E000D89B7 /* UserDefaultsManager.swift in Sources */ = {isa = PBXBuildFile; fileRef = 70BCD5D22999C24E000D89B7 /* UserDefaultsManager.swift */; };
		70BCD5D52999C8CF000D89B7 /* SettingsController.swift in Sources */ = {isa = PBXBuildFile; fileRef = 70BCD5D42999C8CF000D89B7 /* SettingsController.swift */; };
		70BCD5D72999CB2C000D89B7 /* TT.swift in Sources */ = {isa = PBXBuildFile; fileRef = 70BCD5D62999CB2C000D89B7 /* TT.swift */; };
		70BCD5D92999D018000D89B7 /* UITextField+Extensions.swift in Sources */ = {isa = PBXBuildFile; fileRef = 70BCD5D82999D018000D89B7 /* UITextField+Extensions.swift */; };
		70BCD5DC2999EA41000D89B7 /* TimerViewModel.swift in Sources */ = {isa = PBXBuildFile; fileRef = 70BCD5DB2999EA41000D89B7 /* TimerViewModel.swift */; };
		70C9EE8C299D940600BCDF00 /* UIViewController+Extensions.swift in Sources */ = {isa = PBXBuildFile; fileRef = 70C9EE8B299D940600BCDF00 /* UIViewController+Extensions.swift */; };
		70C9EE90299E227000BCDF00 /* SoundsController.swift in Sources */ = {isa = PBXBuildFile; fileRef = 70C9EE8F299E227000BCDF00 /* SoundsController.swift */; };
		70C9EEA9299E3F9600BCDF00 /* Sound.json in Resources */ = {isa = PBXBuildFile; fileRef = 70C9EEA6299E3ADF00BCDF00 /* Sound.json */; };
		70C9EEAB299E567A00BCDF00 /* SoundCell.swift in Sources */ = {isa = PBXBuildFile; fileRef = 70C9EEAA299E567A00BCDF00 /* SoundCell.swift */; };
		70C9EEAD299E5F6400BCDF00 /* Player.swift in Sources */ = {isa = PBXBuildFile; fileRef = 70C9EEAC299E5F6400BCDF00 /* Player.swift */; };
		70C9EF14299EDEF300BCDF00 /* flute-132530.m4a in Resources */ = {isa = PBXBuildFile; fileRef = 70C9EEB0299EDEE500BCDF00 /* flute-132530.m4a */; };
		70C9EF15299EDEF300BCDF00 /* sos-signal-137144.m4a in Resources */ = {isa = PBXBuildFile; fileRef = 70C9EEB1299EDEE500BCDF00 /* sos-signal-137144.m4a */; };
		70C9EF16299EDEF300BCDF00 /* classic-piouh-2-135674.m4a in Resources */ = {isa = PBXBuildFile; fileRef = 70C9EEB2299EDEE500BCDF00 /* classic-piouh-2-135674.m4a */; };
		70C9EF17299EDEF300BCDF00 /* celmo-scanner-138337.m4a in Resources */ = {isa = PBXBuildFile; fileRef = 70C9EEB3299EDEE500BCDF00 /* celmo-scanner-138337.m4a */; };
		70C9EF18299EDEF300BCDF00 /* the-heat-137070.m4a in Resources */ = {isa = PBXBuildFile; fileRef = 70C9EEB4299EDEE500BCDF00 /* the-heat-137070.m4a */; };
		70C9EF19299EDEF300BCDF00 /* red-arrow-137823.m4a in Resources */ = {isa = PBXBuildFile; fileRef = 70C9EEB5299EDEE600BCDF00 /* red-arrow-137823.m4a */; };
		70C9EF1A299EDEF300BCDF00 /* helicopter-129052.m4a in Resources */ = {isa = PBXBuildFile; fileRef = 70C9EEB6299EDEE600BCDF00 /* helicopter-129052.m4a */; };
		70C9EF1B299EDEF300BCDF00 /* clinking-of-glasses-129822.m4a in Resources */ = {isa = PBXBuildFile; fileRef = 70C9EEB7299EDEE600BCDF00 /* clinking-of-glasses-129822.m4a */; };
		70C9EF1C299EDEF300BCDF00 /* robotic-shoot-138432.m4a in Resources */ = {isa = PBXBuildFile; fileRef = 70C9EEB8299EDEE600BCDF00 /* robotic-shoot-138432.m4a */; };
		70C9EF1D299EDEF300BCDF00 /* u-piano-for-youtube-131799.m4a in Resources */ = {isa = PBXBuildFile; fileRef = 70C9EEB9299EDEE600BCDF00 /* u-piano-for-youtube-131799.m4a */; };
		70C9EF1E299EDEF300BCDF00 /* u-the-sound-of-nature-123109.m4a in Resources */ = {isa = PBXBuildFile; fileRef = 70C9EEBA299EDEE600BCDF00 /* u-the-sound-of-nature-123109.m4a */; };
		70C9EF1F299EDEF300BCDF00 /* hip-hop-drums-loop-140-bpm-1-131240.m4a in Resources */ = {isa = PBXBuildFile; fileRef = 70C9EEBB299EDEE600BCDF00 /* hip-hop-drums-loop-140-bpm-1-131240.m4a */; };
		70C9EF20299EDEF300BCDF00 /* loneliness-136818.m4a in Resources */ = {isa = PBXBuildFile; fileRef = 70C9EEBC299EDEE700BCDF00 /* loneliness-136818.m4a */; };
		70C9EF21299EDEF300BCDF00 /* x-alien-alarm-136382.m4a in Resources */ = {isa = PBXBuildFile; fileRef = 70C9EEBD299EDEE700BCDF00 /* x-alien-alarm-136382.m4a */; };
		70C9EF22299EDEF300BCDF00 /* u-ringtone-126505.m4a in Resources */ = {isa = PBXBuildFile; fileRef = 70C9EEBE299EDEE700BCDF00 /* u-ringtone-126505.m4a */; };
		70C9EF23299EDEF300BCDF00 /* turbulent-flow-138764.m4a in Resources */ = {isa = PBXBuildFile; fileRef = 70C9EEBF299EDEE700BCDF00 /* turbulent-flow-138764.m4a */; };
		70C9EF24299EDEF300BCDF00 /* drum-and-bass-drums-loop-160-bpm-1-131244.m4a in Resources */ = {isa = PBXBuildFile; fileRef = 70C9EEC0299EDEE700BCDF00 /* drum-and-bass-drums-loop-160-bpm-1-131244.m4a */; };
		70C9EF25299EDEF300BCDF00 /* mechanic-up-137821.m4a in Resources */ = {isa = PBXBuildFile; fileRef = 70C9EEC1299EDEE700BCDF00 /* mechanic-up-137821.m4a */; };
		70C9EF26299EDEF300BCDF00 /* gold-metal-137036.m4a in Resources */ = {isa = PBXBuildFile; fileRef = 70C9EEC2299EDEE700BCDF00 /* gold-metal-137036.m4a */; };
		70C9EF27299EDEF300BCDF00 /* put-it-up-138861.m4a in Resources */ = {isa = PBXBuildFile; fileRef = 70C9EEC3299EDEE700BCDF00 /* put-it-up-138861.m4a */; };
		70C9EF28299EDEF300BCDF00 /* big-bang-137133.m4a in Resources */ = {isa = PBXBuildFile; fileRef = 70C9EEC4299EDEE800BCDF00 /* big-bang-137133.m4a */; };
		70C9EF29299EDEF300BCDF00 /* one-shot-137060.m4a in Resources */ = {isa = PBXBuildFile; fileRef = 70C9EEC5299EDEE800BCDF00 /* one-shot-137060.m4a */; };
		70C9EF2A299EDEF300BCDF00 /* laser-133063.m4a in Resources */ = {isa = PBXBuildFile; fileRef = 70C9EEC6299EDEE800BCDF00 /* laser-133063.m4a */; };
		70C9EF2B299EDEF300BCDF00 /* comb-riser-136684.m4a in Resources */ = {isa = PBXBuildFile; fileRef = 70C9EEC7299EDEE800BCDF00 /* comb-riser-136684.m4a */; };
		70C9EF2C299EDEF300BCDF00 /* temple-137503.m4a in Resources */ = {isa = PBXBuildFile; fileRef = 70C9EEC8299EDEE800BCDF00 /* temple-137503.m4a */; };
		70C9EF2D299EDEF300BCDF00 /* pathways-138429.m4a in Resources */ = {isa = PBXBuildFile; fileRef = 70C9EEC9299EDEE800BCDF00 /* pathways-138429.m4a */; };
		70C9EF2E299EDEF300BCDF00 /* defuser-138066.m4a in Resources */ = {isa = PBXBuildFile; fileRef = 70C9EECA299EDEE800BCDF00 /* defuser-138066.m4a */; };
		70C9EF2F299EDEF300BCDF00 /* power-up-137911.m4a in Resources */ = {isa = PBXBuildFile; fileRef = 70C9EECB299EDEE900BCDF00 /* power-up-137911.m4a */; };
		70C9EF30299EDEF300BCDF00 /* metallic-playground-128426.m4a in Resources */ = {isa = PBXBuildFile; fileRef = 70C9EECC299EDEE900BCDF00 /* metallic-playground-128426.m4a */; };
		70C9EF31299EDEF300BCDF00 /* big-alert-136677.m4a in Resources */ = {isa = PBXBuildFile; fileRef = 70C9EECD299EDEE900BCDF00 /* big-alert-136677.m4a */; };
		70C9EF32299EDEF300BCDF00 /* madness-137820.m4a in Resources */ = {isa = PBXBuildFile; fileRef = 70C9EECE299EDEE900BCDF00 /* madness-137820.m4a */; };
		70C9EF33299EDEF300BCDF00 /* gate-of-heaven-128130.m4a in Resources */ = {isa = PBXBuildFile; fileRef = 70C9EECF299EDEE900BCDF00 /* gate-of-heaven-128130.m4a */; };
		70C9EF34299EDEF300BCDF00 /* attack-laser-128280.m4a in Resources */ = {isa = PBXBuildFile; fileRef = 70C9EED0299EDEE900BCDF00 /* attack-laser-128280.m4a */; };
		70C9EF35299EDEF300BCDF00 /* u-morse-code-131798.m4a in Resources */ = {isa = PBXBuildFile; fileRef = 70C9EED1299EDEE900BCDF00 /* u-morse-code-131798.m4a */; };
		70C9EF36299EDEF300BCDF00 /* siren-128562.m4a in Resources */ = {isa = PBXBuildFile; fileRef = 70C9EED2299EDEEA00BCDF00 /* siren-128562.m4a */; };
		70C9EF37299EDEF300BCDF00 /* natural-light-138426.m4a in Resources */ = {isa = PBXBuildFile; fileRef = 70C9EED3299EDEEA00BCDF00 /* natural-light-138426.m4a */; };
		70C9EF38299EDEF300BCDF00 /* strange-percussion-137421.m4a in Resources */ = {isa = PBXBuildFile; fileRef = 70C9EED4299EDEEA00BCDF00 /* strange-percussion-137421.m4a */; };
		70C9EF39299EDEF300BCDF00 /* s-birds-frogs-nature-8257.m4a in Resources */ = {isa = PBXBuildFile; fileRef = 70C9EED5299EDEEA00BCDF00 /* s-birds-frogs-nature-8257.m4a */; };
		70C9EF3A299EDEF300BCDF00 /* atmospheric-percussion-132654.m4a in Resources */ = {isa = PBXBuildFile; fileRef = 70C9EED6299EDEEA00BCDF00 /* atmospheric-percussion-132654.m4a */; };
		70C9EF3B299EDEF300BCDF00 /* signal-135707.m4a in Resources */ = {isa = PBXBuildFile; fileRef = 70C9EED7299EDEEA00BCDF00 /* signal-135707.m4a */; };
		70C9EF3C299EDEF300BCDF00 /* u-pipe-117724.m4a in Resources */ = {isa = PBXBuildFile; fileRef = 70C9EED8299EDEEA00BCDF00 /* u-pipe-117724.m4a */; };
		70C9EF3D299EDEF300BCDF00 /* u-horse-123780.m4a in Resources */ = {isa = PBXBuildFile; fileRef = 70C9EED9299EDEEB00BCDF00 /* u-horse-123780.m4a */; };
		70C9EF3E299EDEF300BCDF00 /* huge-downer-132531.m4a in Resources */ = {isa = PBXBuildFile; fileRef = 70C9EEDA299EDEEB00BCDF00 /* huge-downer-132531.m4a */; };
		70C9EF3F299EDEF300BCDF00 /* s-bird-voices-7716.m4a in Resources */ = {isa = PBXBuildFile; fileRef = 70C9EEDB299EDEEB00BCDF00 /* s-bird-voices-7716.m4a */; };
		70C9EF40299EDEF300BCDF00 /* robot-down-137913.m4a in Resources */ = {isa = PBXBuildFile; fileRef = 70C9EEDC299EDEEB00BCDF00 /* robot-down-137913.m4a */; };
		70C9EF41299EDEF300BCDF00 /* fringe-136686.m4a in Resources */ = {isa = PBXBuildFile; fileRef = 70C9EEDD299EDEEB00BCDF00 /* fringe-136686.m4a */; };
		70C9EF42299EDEF300BCDF00 /* bachelor-137658.m4a in Resources */ = {isa = PBXBuildFile; fileRef = 70C9EEDE299EDEEB00BCDF00 /* bachelor-137658.m4a */; };
		70C9EF43299EDEF300BCDF00 /* hope-dies-last-136817.m4a in Resources */ = {isa = PBXBuildFile; fileRef = 70C9EEDF299EDEEC00BCDF00 /* hope-dies-last-136817.m4a */; };
		70C9EF44299EDEF300BCDF00 /* u-sounds-of-nature-114227.m4a in Resources */ = {isa = PBXBuildFile; fileRef = 70C9EEE0299EDEEC00BCDF00 /* u-sounds-of-nature-114227.m4a */; };
		70C9EF45299EDEF300BCDF00 /* straight-pitcher-135864.m4a in Resources */ = {isa = PBXBuildFile; fileRef = 70C9EEE1299EDEEC00BCDF00 /* straight-pitcher-135864.m4a */; };
		70C9EF46299EDEF300BCDF00 /* shine-down-135681.m4a in Resources */ = {isa = PBXBuildFile; fileRef = 70C9EEE2299EDEEC00BCDF00 /* shine-down-135681.m4a */; };
		70C9EF47299EDEF300BCDF00 /* dreamspace-128418.m4a in Resources */ = {isa = PBXBuildFile; fileRef = 70C9EEE3299EDEEC00BCDF00 /* dreamspace-128418.m4a */; };
		70C9EF48299EDEF300BCDF00 /* sine-drop-133493.m4a in Resources */ = {isa = PBXBuildFile; fileRef = 70C9EEE4299EDEEC00BCDF00 /* sine-drop-133493.m4a */; };
		70C9EF49299EDEF300BCDF00 /* p-train-steam-whistle-1-99274.m4a in Resources */ = {isa = PBXBuildFile; fileRef = 70C9EEE5299EDEEC00BCDF00 /* p-train-steam-whistle-1-99274.m4a */; };
		70C9EF4A299EDEF300BCDF00 /* add-kick-138064.m4a in Resources */ = {isa = PBXBuildFile; fileRef = 70C9EEE6299EDEEC00BCDF00 /* add-kick-138064.m4a */; };
		70C9EF4B299EDEF300BCDF00 /* techno-drums-loop-120-bpm-1-131243.m4a in Resources */ = {isa = PBXBuildFile; fileRef = 70C9EEE7299EDEED00BCDF00 /* techno-drums-loop-120-bpm-1-131243.m4a */; };
		70C9EF4C299EDEF300BCDF00 /* u-happy-123735.m4a in Resources */ = {isa = PBXBuildFile; fileRef = 70C9EEE8299EDEED00BCDF00 /* u-happy-123735.m4a */; };
		70C9EF4D299EDEF300BCDF00 /* whip-137920.m4a in Resources */ = {isa = PBXBuildFile; fileRef = 70C9EEE9299EDEED00BCDF00 /* whip-137920.m4a */; };
		70C9EF4E299EDEF300BCDF00 /* world-galaxy-beat-137425.m4a in Resources */ = {isa = PBXBuildFile; fileRef = 70C9EEEA299EDEED00BCDF00 /* world-galaxy-beat-137425.m4a */; };
		70C9EF4F299EDEF300BCDF00 /* bop-137905.m4a in Resources */ = {isa = PBXBuildFile; fileRef = 70C9EEEB299EDEED00BCDF00 /* bop-137905.m4a */; };
		70C9EF50299EDEF300BCDF00 /* alien-interface-132922.m4a in Resources */ = {isa = PBXBuildFile; fileRef = 70C9EEEC299EDEED00BCDF00 /* alien-interface-132922.m4a */; };
		70C9EF51299EDEF300BCDF00 /* ship-siren-137067.m4a in Resources */ = {isa = PBXBuildFile; fileRef = 70C9EEED299EDEED00BCDF00 /* ship-siren-137067.m4a */; };
		70C9EF52299EDEF300BCDF00 /* schlagbolzen-137064.m4a in Resources */ = {isa = PBXBuildFile; fileRef = 70C9EEEE299EDEEE00BCDF00 /* schlagbolzen-137064.m4a */; };
		70C9EF53299EDEF300BCDF00 /* multiverse-138425.m4a in Resources */ = {isa = PBXBuildFile; fileRef = 70C9EEEF299EDEEE00BCDF00 /* multiverse-138425.m4a */; };
		70C9EF54299EDEF300BCDF00 /* radio-interference-137140.m4a in Resources */ = {isa = PBXBuildFile; fileRef = 70C9EEF0299EDEEE00BCDF00 /* radio-interference-137140.m4a */; };
		70C9EF55299EDEF300BCDF00 /* fly-129618.m4a in Resources */ = {isa = PBXBuildFile; fileRef = 70C9EEF1299EDEEE00BCDF00 /* fly-129618.m4a */; };
		70C9EF56299EDEF300BCDF00 /* telephone-ring-129620.m4a in Resources */ = {isa = PBXBuildFile; fileRef = 70C9EEF2299EDEEE00BCDF00 /* telephone-ring-129620.m4a */; };
		70C9EF57299EDEF300BCDF00 /* oblivion-beat-137283.m4a in Resources */ = {isa = PBXBuildFile; fileRef = 70C9EEF3299EDEEE00BCDF00 /* oblivion-beat-137283.m4a */; };
		70C9EF58299EDEF300BCDF00 /* turn-down-137915.m4a in Resources */ = {isa = PBXBuildFile; fileRef = 70C9EEF4299EDEEE00BCDF00 /* turn-down-137915.m4a */; };
		70C9EF59299EDEF300BCDF00 /* the-operation-137072.m4a in Resources */ = {isa = PBXBuildFile; fileRef = 70C9EEF5299EDEEE00BCDF00 /* the-operation-137072.m4a */; };
		70C9EF5A299EDEF300BCDF00 /* spooky-ghosts-128837.m4a in Resources */ = {isa = PBXBuildFile; fileRef = 70C9EEF6299EDEEF00BCDF00 /* spooky-ghosts-128837.m4a */; };
		70C9EF5B299EDEF300BCDF00 /* mallets-137665.m4a in Resources */ = {isa = PBXBuildFile; fileRef = 70C9EEF7299EDEEF00BCDF00 /* mallets-137665.m4a */; };
		70C9EF5C299EDEF300BCDF00 /* spring-day-132408.m4a in Resources */ = {isa = PBXBuildFile; fileRef = 70C9EEF8299EDEEF00BCDF00 /* spring-day-132408.m4a */; };
		70C9EF5D299EDEF300BCDF00 /* sea-of-voices-bells-138433.m4a in Resources */ = {isa = PBXBuildFile; fileRef = 70C9EEF9299EDEEF00BCDF00 /* sea-of-voices-bells-138433.m4a */; };
		70C9EF5E299EDEF300BCDF00 /* saturns-downbeat-137419.m4a in Resources */ = {isa = PBXBuildFile; fileRef = 70C9EEFA299EDEEF00BCDF00 /* saturns-downbeat-137419.m4a */; };
		70C9EF5F299EDEF300BCDF00 /* ratte-tale-137666.m4a in Resources */ = {isa = PBXBuildFile; fileRef = 70C9EEFB299EDEEF00BCDF00 /* ratte-tale-137666.m4a */; };
		70C9EF60299EDEF300BCDF00 /* shepard-tone-137065.m4a in Resources */ = {isa = PBXBuildFile; fileRef = 70C9EEFC299EDEF000BCDF00 /* shepard-tone-137065.m4a */; };
		70C9EF61299EDEF300BCDF00 /* shadow-137825.m4a in Resources */ = {isa = PBXBuildFile; fileRef = 70C9EEFD299EDEF000BCDF00 /* shadow-137825.m4a */; };
		70C9EF62299EDEF300BCDF00 /* evil-reece-137908.m4a in Resources */ = {isa = PBXBuildFile; fileRef = 70C9EEFE299EDEF000BCDF00 /* evil-reece-137908.m4a */; };
		70C9EF63299EDEF300BCDF00 /* convergence-132924.m4a in Resources */ = {isa = PBXBuildFile; fileRef = 70C9EEFF299EDEF000BCDF00 /* convergence-132924.m4a */; };
		70C9EF64299EDEF300BCDF00 /* goth-138067.m4a in Resources */ = {isa = PBXBuildFile; fileRef = 70C9EF00299EDEF000BCDF00 /* goth-138067.m4a */; };
		70C9EF65299EDEF300BCDF00 /* phasing-hats-137062.m4a in Resources */ = {isa = PBXBuildFile; fileRef = 70C9EF01299EDEF000BCDF00 /* phasing-hats-137062.m4a */; };
		70C9EF66299EDEF300BCDF00 /* divinity-138419.m4a in Resources */ = {isa = PBXBuildFile; fileRef = 70C9EF02299EDEF000BCDF00 /* divinity-138419.m4a */; };
		70C9EF67299EDEF300BCDF00 /* space-rocket-lifter-138760.m4a in Resources */ = {isa = PBXBuildFile; fileRef = 70C9EF03299EDEF100BCDF00 /* space-rocket-lifter-138760.m4a */; };
		70C9EF68299EDEF300BCDF00 /* big-ben-129049.m4a in Resources */ = {isa = PBXBuildFile; fileRef = 70C9EF04299EDEF100BCDF00 /* big-ben-129049.m4a */; };
		70C9EF69299EDEF300BCDF00 /* dream-spiral-138336.m4a in Resources */ = {isa = PBXBuildFile; fileRef = 70C9EF05299EDEF100BCDF00 /* dream-spiral-138336.m4a */; };
		70C9EF6A299EDEF300BCDF00 /* drops-of-electricity-129230.m4a in Resources */ = {isa = PBXBuildFile; fileRef = 70C9EF06299EDEF100BCDF00 /* drops-of-electricity-129230.m4a */; };
		70C9EF6B299EDEF300BCDF00 /* mcools-downbeat-137278.m4a in Resources */ = {isa = PBXBuildFile; fileRef = 70C9EF07299EDEF100BCDF00 /* mcools-downbeat-137278.m4a */; };
		70C9EF6C299EDEF300BCDF00 /* cling-137907.m4a in Resources */ = {isa = PBXBuildFile; fileRef = 70C9EF08299EDEF100BCDF00 /* cling-137907.m4a */; };
		70C9EF6D299EDEF300BCDF00 /* nintendo-135443.m4a in Resources */ = {isa = PBXBuildFile; fileRef = 70C9EF09299EDEF100BCDF00 /* nintendo-135443.m4a */; };
		70C9EF6E299EDEF300BCDF00 /* glider-137134.m4a in Resources */ = {isa = PBXBuildFile; fileRef = 70C9EF0A299EDEF100BCDF00 /* glider-137134.m4a */; };
		70C9EF6F299EDEF300BCDF00 /* c1-rainforest-133060.m4a in Resources */ = {isa = PBXBuildFile; fileRef = 70C9EF0B299EDEF200BCDF00 /* c1-rainforest-133060.m4a */; };
		70C9EF70299EDEF300BCDF00 /* hofman-138068.m4a in Resources */ = {isa = PBXBuildFile; fileRef = 70C9EF0C299EDEF200BCDF00 /* hofman-138068.m4a */; };
		70C9EF71299EDEF300BCDF00 /* p-train-1-99265.m4a in Resources */ = {isa = PBXBuildFile; fileRef = 70C9EF0D299EDEF200BCDF00 /* p-train-1-99265.m4a */; };
		70C9EF72299EDEF300BCDF00 /* civil-defense-siren-128262.m4a in Resources */ = {isa = PBXBuildFile; fileRef = 70C9EF0E299EDEF200BCDF00 /* civil-defense-siren-128262.m4a */; };
		70C9EF73299EDEF300BCDF00 /* ferric-oxide-fingers-129515.m4a in Resources */ = {isa = PBXBuildFile; fileRef = 70C9EF0F299EDEF200BCDF00 /* ferric-oxide-fingers-129515.m4a */; };
		70C9EF74299EDEF300BCDF00 /* crystals-138598.m4a in Resources */ = {isa = PBXBuildFile; fileRef = 70C9EF10299EDEF200BCDF00 /* crystals-138598.m4a */; };
		70C9EF75299EDEF300BCDF00 /* gong-bell-129820.m4a in Resources */ = {isa = PBXBuildFile; fileRef = 70C9EF11299EDEF200BCDF00 /* gong-bell-129820.m4a */; };
		70C9EF76299EDEF300BCDF00 /* modulation-cowbell-137279.m4a in Resources */ = {isa = PBXBuildFile; fileRef = 70C9EF12299EDEF300BCDF00 /* modulation-cowbell-137279.m4a */; };
		70C9EF77299EDEF300BCDF00 /* simple-riser-138435.m4a in Resources */ = {isa = PBXBuildFile; fileRef = 70C9EF13299EDEF300BCDF00 /* simple-riser-138435.m4a */; };
		70C9EF79299F893F00BCDF00 /* Factories.swift in Sources */ = {isa = PBXBuildFile; fileRef = 70C9EF78299F893F00BCDF00 /* Factories.swift */; };
		70C9EF7B299FA63500BCDF00 /* Sound.swift in Sources */ = {isa = PBXBuildFile; fileRef = 70C9EF7A299FA63500BCDF00 /* Sound.swift */; };
/* End PBXBuildFile section */

/* Begin PBXFileReference section */
		700656B8299BD254003FEA91 /* TimerController.swift */ = {isa = PBXFileReference; lastKnownFileType = sourcecode.swift; path = TimerController.swift; sourceTree = "<group>"; };
		70BCD5A329999C59000D89B7 /* Ten Timer.app */ = {isa = PBXFileReference; explicitFileType = wrapper.application; includeInIndex = 0; path = "Ten Timer.app"; sourceTree = BUILT_PRODUCTS_DIR; };
		70BCD5A629999C59000D89B7 /* AppDelegate.swift */ = {isa = PBXFileReference; lastKnownFileType = sourcecode.swift; path = AppDelegate.swift; sourceTree = "<group>"; };
		70BCD5B029999C59000D89B7 /* Ten_Timer.xcdatamodel */ = {isa = PBXFileReference; lastKnownFileType = wrapper.xcdatamodel; path = Ten_Timer.xcdatamodel; sourceTree = "<group>"; };
		70BCD5B229999C5E000D89B7 /* Assets.xcassets */ = {isa = PBXFileReference; lastKnownFileType = folder.assetcatalog; path = Assets.xcassets; sourceTree = "<group>"; };
		70BCD5B529999C5E000D89B7 /* Base */ = {isa = PBXFileReference; lastKnownFileType = file.storyboard; name = Base; path = Base.lproj/LaunchScreen.storyboard; sourceTree = "<group>"; };
		70BCD5B729999C5E000D89B7 /* Info.plist */ = {isa = PBXFileReference; lastKnownFileType = text.plist.xml; path = Info.plist; sourceTree = "<group>"; };
		70BCD5BD29999D41000D89B7 /* HomeController.swift */ = {isa = PBXFileReference; lastKnownFileType = sourcecode.swift; path = HomeController.swift; sourceTree = "<group>"; };
		70BCD5C429999F03000D89B7 /* UIView+Extensions.swift */ = {isa = PBXFileReference; lastKnownFileType = sourcecode.swift; path = "UIView+Extensions.swift"; sourceTree = "<group>"; };
		70BCD5C829999FA6000D89B7 /* Constants.swift */ = {isa = PBXFileReference; lastKnownFileType = sourcecode.swift; path = Constants.swift; sourceTree = "<group>"; };
		70BCD5CA2999A277000D89B7 /* TimerCell.swift */ = {isa = PBXFileReference; lastKnownFileType = sourcecode.swift; path = TimerCell.swift; sourceTree = "<group>"; };
		70BCD5CC2999A2BA000D89B7 /* UIColor+Extensions.swift */ = {isa = PBXFileReference; lastKnownFileType = sourcecode.swift; path = "UIColor+Extensions.swift"; sourceTree = "<group>"; };
		70BCD5CE2999A427000D89B7 /* UIButton+Extensions.swift */ = {isa = PBXFileReference; lastKnownFileType = sourcecode.swift; path = "UIButton+Extensions.swift"; sourceTree = "<group>"; };
		70BCD5D02999A44C000D89B7 /* UIImage+Extensions.swift */ = {isa = PBXFileReference; lastKnownFileType = sourcecode.swift; path = "UIImage+Extensions.swift"; sourceTree = "<group>"; };
		70BCD5D22999C24E000D89B7 /* UserDefaultsManager.swift */ = {isa = PBXFileReference; lastKnownFileType = sourcecode.swift; path = UserDefaultsManager.swift; sourceTree = "<group>"; };
		70BCD5D42999C8CF000D89B7 /* SettingsController.swift */ = {isa = PBXFileReference; lastKnownFileType = sourcecode.swift; path = SettingsController.swift; sourceTree = "<group>"; };
		70BCD5D62999CB2C000D89B7 /* TT.swift */ = {isa = PBXFileReference; lastKnownFileType = sourcecode.swift; path = TT.swift; sourceTree = "<group>"; };
		70BCD5D82999D018000D89B7 /* UITextField+Extensions.swift */ = {isa = PBXFileReference; lastKnownFileType = sourcecode.swift; path = "UITextField+Extensions.swift"; sourceTree = "<group>"; };
		70BCD5DB2999EA41000D89B7 /* TimerViewModel.swift */ = {isa = PBXFileReference; lastKnownFileType = sourcecode.swift; path = TimerViewModel.swift; sourceTree = "<group>"; };
		70C9EE8B299D940600BCDF00 /* UIViewController+Extensions.swift */ = {isa = PBXFileReference; lastKnownFileType = sourcecode.swift; path = "UIViewController+Extensions.swift"; sourceTree = "<group>"; };
		70C9EE8F299E227000BCDF00 /* SoundsController.swift */ = {isa = PBXFileReference; lastKnownFileType = sourcecode.swift; path = SoundsController.swift; sourceTree = "<group>"; };
		70C9EEA6299E3ADF00BCDF00 /* Sound.json */ = {isa = PBXFileReference; lastKnownFileType = text.json; path = Sound.json; sourceTree = "<group>"; xcLanguageSpecificationIdentifier = xcode.lang.json; };
		70C9EEAA299E567A00BCDF00 /* SoundCell.swift */ = {isa = PBXFileReference; lastKnownFileType = sourcecode.swift; path = SoundCell.swift; sourceTree = "<group>"; };
		70C9EEAC299E5F6400BCDF00 /* Player.swift */ = {isa = PBXFileReference; lastKnownFileType = sourcecode.swift; path = Player.swift; sourceTree = "<group>"; };
		70C9EEB0299EDEE500BCDF00 /* flute-132530.m4a */ = {isa = PBXFileReference; lastKnownFileType = file; path = "flute-132530.m4a"; sourceTree = "<group>"; };
		70C9EEB1299EDEE500BCDF00 /* sos-signal-137144.m4a */ = {isa = PBXFileReference; lastKnownFileType = file; path = "sos-signal-137144.m4a"; sourceTree = "<group>"; };
		70C9EEB2299EDEE500BCDF00 /* classic-piouh-2-135674.m4a */ = {isa = PBXFileReference; lastKnownFileType = file; path = "classic-piouh-2-135674.m4a"; sourceTree = "<group>"; };
		70C9EEB3299EDEE500BCDF00 /* celmo-scanner-138337.m4a */ = {isa = PBXFileReference; lastKnownFileType = file; path = "celmo-scanner-138337.m4a"; sourceTree = "<group>"; };
		70C9EEB4299EDEE500BCDF00 /* the-heat-137070.m4a */ = {isa = PBXFileReference; lastKnownFileType = file; path = "the-heat-137070.m4a"; sourceTree = "<group>"; };
		70C9EEB5299EDEE600BCDF00 /* red-arrow-137823.m4a */ = {isa = PBXFileReference; lastKnownFileType = file; path = "red-arrow-137823.m4a"; sourceTree = "<group>"; };
		70C9EEB6299EDEE600BCDF00 /* helicopter-129052.m4a */ = {isa = PBXFileReference; lastKnownFileType = file; path = "helicopter-129052.m4a"; sourceTree = "<group>"; };
		70C9EEB7299EDEE600BCDF00 /* clinking-of-glasses-129822.m4a */ = {isa = PBXFileReference; lastKnownFileType = file; path = "clinking-of-glasses-129822.m4a"; sourceTree = "<group>"; };
		70C9EEB8299EDEE600BCDF00 /* robotic-shoot-138432.m4a */ = {isa = PBXFileReference; lastKnownFileType = file; path = "robotic-shoot-138432.m4a"; sourceTree = "<group>"; };
		70C9EEB9299EDEE600BCDF00 /* u-piano-for-youtube-131799.m4a */ = {isa = PBXFileReference; lastKnownFileType = file; path = "u-piano-for-youtube-131799.m4a"; sourceTree = "<group>"; };
		70C9EEBA299EDEE600BCDF00 /* u-the-sound-of-nature-123109.m4a */ = {isa = PBXFileReference; lastKnownFileType = file; path = "u-the-sound-of-nature-123109.m4a"; sourceTree = "<group>"; };
		70C9EEBB299EDEE600BCDF00 /* hip-hop-drums-loop-140-bpm-1-131240.m4a */ = {isa = PBXFileReference; lastKnownFileType = file; path = "hip-hop-drums-loop-140-bpm-1-131240.m4a"; sourceTree = "<group>"; };
		70C9EEBC299EDEE700BCDF00 /* loneliness-136818.m4a */ = {isa = PBXFileReference; lastKnownFileType = file; path = "loneliness-136818.m4a"; sourceTree = "<group>"; };
		70C9EEBD299EDEE700BCDF00 /* x-alien-alarm-136382.m4a */ = {isa = PBXFileReference; lastKnownFileType = file; path = "x-alien-alarm-136382.m4a"; sourceTree = "<group>"; };
		70C9EEBE299EDEE700BCDF00 /* u-ringtone-126505.m4a */ = {isa = PBXFileReference; lastKnownFileType = file; path = "u-ringtone-126505.m4a"; sourceTree = "<group>"; };
		70C9EEBF299EDEE700BCDF00 /* turbulent-flow-138764.m4a */ = {isa = PBXFileReference; lastKnownFileType = file; path = "turbulent-flow-138764.m4a"; sourceTree = "<group>"; };
		70C9EEC0299EDEE700BCDF00 /* drum-and-bass-drums-loop-160-bpm-1-131244.m4a */ = {isa = PBXFileReference; lastKnownFileType = file; path = "drum-and-bass-drums-loop-160-bpm-1-131244.m4a"; sourceTree = "<group>"; };
		70C9EEC1299EDEE700BCDF00 /* mechanic-up-137821.m4a */ = {isa = PBXFileReference; lastKnownFileType = file; path = "mechanic-up-137821.m4a"; sourceTree = "<group>"; };
		70C9EEC2299EDEE700BCDF00 /* gold-metal-137036.m4a */ = {isa = PBXFileReference; lastKnownFileType = file; path = "gold-metal-137036.m4a"; sourceTree = "<group>"; };
		70C9EEC3299EDEE700BCDF00 /* put-it-up-138861.m4a */ = {isa = PBXFileReference; lastKnownFileType = file; path = "put-it-up-138861.m4a"; sourceTree = "<group>"; };
		70C9EEC4299EDEE800BCDF00 /* big-bang-137133.m4a */ = {isa = PBXFileReference; lastKnownFileType = file; path = "big-bang-137133.m4a"; sourceTree = "<group>"; };
		70C9EEC5299EDEE800BCDF00 /* one-shot-137060.m4a */ = {isa = PBXFileReference; lastKnownFileType = file; path = "one-shot-137060.m4a"; sourceTree = "<group>"; };
		70C9EEC6299EDEE800BCDF00 /* laser-133063.m4a */ = {isa = PBXFileReference; lastKnownFileType = file; path = "laser-133063.m4a"; sourceTree = "<group>"; };
		70C9EEC7299EDEE800BCDF00 /* comb-riser-136684.m4a */ = {isa = PBXFileReference; lastKnownFileType = file; path = "comb-riser-136684.m4a"; sourceTree = "<group>"; };
		70C9EEC8299EDEE800BCDF00 /* temple-137503.m4a */ = {isa = PBXFileReference; lastKnownFileType = file; path = "temple-137503.m4a"; sourceTree = "<group>"; };
		70C9EEC9299EDEE800BCDF00 /* pathways-138429.m4a */ = {isa = PBXFileReference; lastKnownFileType = file; path = "pathways-138429.m4a"; sourceTree = "<group>"; };
		70C9EECA299EDEE800BCDF00 /* defuser-138066.m4a */ = {isa = PBXFileReference; lastKnownFileType = file; path = "defuser-138066.m4a"; sourceTree = "<group>"; };
		70C9EECB299EDEE900BCDF00 /* power-up-137911.m4a */ = {isa = PBXFileReference; lastKnownFileType = file; path = "power-up-137911.m4a"; sourceTree = "<group>"; };
		70C9EECC299EDEE900BCDF00 /* metallic-playground-128426.m4a */ = {isa = PBXFileReference; lastKnownFileType = file; path = "metallic-playground-128426.m4a"; sourceTree = "<group>"; };
		70C9EECD299EDEE900BCDF00 /* big-alert-136677.m4a */ = {isa = PBXFileReference; lastKnownFileType = file; path = "big-alert-136677.m4a"; sourceTree = "<group>"; };
		70C9EECE299EDEE900BCDF00 /* madness-137820.m4a */ = {isa = PBXFileReference; lastKnownFileType = file; path = "madness-137820.m4a"; sourceTree = "<group>"; };
		70C9EECF299EDEE900BCDF00 /* gate-of-heaven-128130.m4a */ = {isa = PBXFileReference; lastKnownFileType = file; path = "gate-of-heaven-128130.m4a"; sourceTree = "<group>"; };
		70C9EED0299EDEE900BCDF00 /* attack-laser-128280.m4a */ = {isa = PBXFileReference; lastKnownFileType = file; path = "attack-laser-128280.m4a"; sourceTree = "<group>"; };
		70C9EED1299EDEE900BCDF00 /* u-morse-code-131798.m4a */ = {isa = PBXFileReference; lastKnownFileType = file; path = "u-morse-code-131798.m4a"; sourceTree = "<group>"; };
		70C9EED2299EDEEA00BCDF00 /* siren-128562.m4a */ = {isa = PBXFileReference; lastKnownFileType = file; path = "siren-128562.m4a"; sourceTree = "<group>"; };
		70C9EED3299EDEEA00BCDF00 /* natural-light-138426.m4a */ = {isa = PBXFileReference; lastKnownFileType = file; path = "natural-light-138426.m4a"; sourceTree = "<group>"; };
		70C9EED4299EDEEA00BCDF00 /* strange-percussion-137421.m4a */ = {isa = PBXFileReference; lastKnownFileType = file; path = "strange-percussion-137421.m4a"; sourceTree = "<group>"; };
		70C9EED5299EDEEA00BCDF00 /* s-birds-frogs-nature-8257.m4a */ = {isa = PBXFileReference; lastKnownFileType = file; path = "s-birds-frogs-nature-8257.m4a"; sourceTree = "<group>"; };
		70C9EED6299EDEEA00BCDF00 /* atmospheric-percussion-132654.m4a */ = {isa = PBXFileReference; lastKnownFileType = file; path = "atmospheric-percussion-132654.m4a"; sourceTree = "<group>"; };
		70C9EED7299EDEEA00BCDF00 /* signal-135707.m4a */ = {isa = PBXFileReference; lastKnownFileType = file; path = "signal-135707.m4a"; sourceTree = "<group>"; };
		70C9EED8299EDEEA00BCDF00 /* u-pipe-117724.m4a */ = {isa = PBXFileReference; lastKnownFileType = file; path = "u-pipe-117724.m4a"; sourceTree = "<group>"; };
		70C9EED9299EDEEB00BCDF00 /* u-horse-123780.m4a */ = {isa = PBXFileReference; lastKnownFileType = file; path = "u-horse-123780.m4a"; sourceTree = "<group>"; };
		70C9EEDA299EDEEB00BCDF00 /* huge-downer-132531.m4a */ = {isa = PBXFileReference; lastKnownFileType = file; path = "huge-downer-132531.m4a"; sourceTree = "<group>"; };
		70C9EEDB299EDEEB00BCDF00 /* s-bird-voices-7716.m4a */ = {isa = PBXFileReference; lastKnownFileType = file; path = "s-bird-voices-7716.m4a"; sourceTree = "<group>"; };
		70C9EEDC299EDEEB00BCDF00 /* robot-down-137913.m4a */ = {isa = PBXFileReference; lastKnownFileType = file; path = "robot-down-137913.m4a"; sourceTree = "<group>"; };
		70C9EEDD299EDEEB00BCDF00 /* fringe-136686.m4a */ = {isa = PBXFileReference; lastKnownFileType = file; path = "fringe-136686.m4a"; sourceTree = "<group>"; };
		70C9EEDE299EDEEB00BCDF00 /* bachelor-137658.m4a */ = {isa = PBXFileReference; lastKnownFileType = file; path = "bachelor-137658.m4a"; sourceTree = "<group>"; };
		70C9EEDF299EDEEC00BCDF00 /* hope-dies-last-136817.m4a */ = {isa = PBXFileReference; lastKnownFileType = file; path = "hope-dies-last-136817.m4a"; sourceTree = "<group>"; };
		70C9EEE0299EDEEC00BCDF00 /* u-sounds-of-nature-114227.m4a */ = {isa = PBXFileReference; lastKnownFileType = file; path = "u-sounds-of-nature-114227.m4a"; sourceTree = "<group>"; };
		70C9EEE1299EDEEC00BCDF00 /* straight-pitcher-135864.m4a */ = {isa = PBXFileReference; lastKnownFileType = file; path = "straight-pitcher-135864.m4a"; sourceTree = "<group>"; };
		70C9EEE2299EDEEC00BCDF00 /* shine-down-135681.m4a */ = {isa = PBXFileReference; lastKnownFileType = file; path = "shine-down-135681.m4a"; sourceTree = "<group>"; };
		70C9EEE3299EDEEC00BCDF00 /* dreamspace-128418.m4a */ = {isa = PBXFileReference; lastKnownFileType = file; path = "dreamspace-128418.m4a"; sourceTree = "<group>"; };
		70C9EEE4299EDEEC00BCDF00 /* sine-drop-133493.m4a */ = {isa = PBXFileReference; lastKnownFileType = file; path = "sine-drop-133493.m4a"; sourceTree = "<group>"; };
		70C9EEE5299EDEEC00BCDF00 /* p-train-steam-whistle-1-99274.m4a */ = {isa = PBXFileReference; lastKnownFileType = file; path = "p-train-steam-whistle-1-99274.m4a"; sourceTree = "<group>"; };
		70C9EEE6299EDEEC00BCDF00 /* add-kick-138064.m4a */ = {isa = PBXFileReference; lastKnownFileType = file; path = "add-kick-138064.m4a"; sourceTree = "<group>"; };
		70C9EEE7299EDEED00BCDF00 /* techno-drums-loop-120-bpm-1-131243.m4a */ = {isa = PBXFileReference; lastKnownFileType = file; path = "techno-drums-loop-120-bpm-1-131243.m4a"; sourceTree = "<group>"; };
		70C9EEE8299EDEED00BCDF00 /* u-happy-123735.m4a */ = {isa = PBXFileReference; lastKnownFileType = file; path = "u-happy-123735.m4a"; sourceTree = "<group>"; };
		70C9EEE9299EDEED00BCDF00 /* whip-137920.m4a */ = {isa = PBXFileReference; lastKnownFileType = file; path = "whip-137920.m4a"; sourceTree = "<group>"; };
		70C9EEEA299EDEED00BCDF00 /* world-galaxy-beat-137425.m4a */ = {isa = PBXFileReference; lastKnownFileType = file; path = "world-galaxy-beat-137425.m4a"; sourceTree = "<group>"; };
		70C9EEEB299EDEED00BCDF00 /* bop-137905.m4a */ = {isa = PBXFileReference; lastKnownFileType = file; path = "bop-137905.m4a"; sourceTree = "<group>"; };
		70C9EEEC299EDEED00BCDF00 /* alien-interface-132922.m4a */ = {isa = PBXFileReference; lastKnownFileType = file; path = "alien-interface-132922.m4a"; sourceTree = "<group>"; };
		70C9EEED299EDEED00BCDF00 /* ship-siren-137067.m4a */ = {isa = PBXFileReference; lastKnownFileType = file; path = "ship-siren-137067.m4a"; sourceTree = "<group>"; };
		70C9EEEE299EDEEE00BCDF00 /* schlagbolzen-137064.m4a */ = {isa = PBXFileReference; lastKnownFileType = file; path = "schlagbolzen-137064.m4a"; sourceTree = "<group>"; };
		70C9EEEF299EDEEE00BCDF00 /* multiverse-138425.m4a */ = {isa = PBXFileReference; lastKnownFileType = file; path = "multiverse-138425.m4a"; sourceTree = "<group>"; };
		70C9EEF0299EDEEE00BCDF00 /* radio-interference-137140.m4a */ = {isa = PBXFileReference; lastKnownFileType = file; path = "radio-interference-137140.m4a"; sourceTree = "<group>"; };
		70C9EEF1299EDEEE00BCDF00 /* fly-129618.m4a */ = {isa = PBXFileReference; lastKnownFileType = file; path = "fly-129618.m4a"; sourceTree = "<group>"; };
		70C9EEF2299EDEEE00BCDF00 /* telephone-ring-129620.m4a */ = {isa = PBXFileReference; lastKnownFileType = file; path = "telephone-ring-129620.m4a"; sourceTree = "<group>"; };
		70C9EEF3299EDEEE00BCDF00 /* oblivion-beat-137283.m4a */ = {isa = PBXFileReference; lastKnownFileType = file; path = "oblivion-beat-137283.m4a"; sourceTree = "<group>"; };
		70C9EEF4299EDEEE00BCDF00 /* turn-down-137915.m4a */ = {isa = PBXFileReference; lastKnownFileType = file; path = "turn-down-137915.m4a"; sourceTree = "<group>"; };
		70C9EEF5299EDEEE00BCDF00 /* the-operation-137072.m4a */ = {isa = PBXFileReference; lastKnownFileType = file; path = "the-operation-137072.m4a"; sourceTree = "<group>"; };
		70C9EEF6299EDEEF00BCDF00 /* spooky-ghosts-128837.m4a */ = {isa = PBXFileReference; lastKnownFileType = file; path = "spooky-ghosts-128837.m4a"; sourceTree = "<group>"; };
		70C9EEF7299EDEEF00BCDF00 /* mallets-137665.m4a */ = {isa = PBXFileReference; lastKnownFileType = file; path = "mallets-137665.m4a"; sourceTree = "<group>"; };
		70C9EEF8299EDEEF00BCDF00 /* spring-day-132408.m4a */ = {isa = PBXFileReference; lastKnownFileType = file; path = "spring-day-132408.m4a"; sourceTree = "<group>"; };
		70C9EEF9299EDEEF00BCDF00 /* sea-of-voices-bells-138433.m4a */ = {isa = PBXFileReference; lastKnownFileType = file; path = "sea-of-voices-bells-138433.m4a"; sourceTree = "<group>"; };
		70C9EEFA299EDEEF00BCDF00 /* saturns-downbeat-137419.m4a */ = {isa = PBXFileReference; lastKnownFileType = file; path = "saturns-downbeat-137419.m4a"; sourceTree = "<group>"; };
		70C9EEFB299EDEEF00BCDF00 /* ratte-tale-137666.m4a */ = {isa = PBXFileReference; lastKnownFileType = file; path = "ratte-tale-137666.m4a"; sourceTree = "<group>"; };
		70C9EEFC299EDEF000BCDF00 /* shepard-tone-137065.m4a */ = {isa = PBXFileReference; lastKnownFileType = file; path = "shepard-tone-137065.m4a"; sourceTree = "<group>"; };
		70C9EEFD299EDEF000BCDF00 /* shadow-137825.m4a */ = {isa = PBXFileReference; lastKnownFileType = file; path = "shadow-137825.m4a"; sourceTree = "<group>"; };
		70C9EEFE299EDEF000BCDF00 /* evil-reece-137908.m4a */ = {isa = PBXFileReference; lastKnownFileType = file; path = "evil-reece-137908.m4a"; sourceTree = "<group>"; };
		70C9EEFF299EDEF000BCDF00 /* convergence-132924.m4a */ = {isa = PBXFileReference; lastKnownFileType = file; path = "convergence-132924.m4a"; sourceTree = "<group>"; };
		70C9EF00299EDEF000BCDF00 /* goth-138067.m4a */ = {isa = PBXFileReference; lastKnownFileType = file; path = "goth-138067.m4a"; sourceTree = "<group>"; };
		70C9EF01299EDEF000BCDF00 /* phasing-hats-137062.m4a */ = {isa = PBXFileReference; lastKnownFileType = file; path = "phasing-hats-137062.m4a"; sourceTree = "<group>"; };
		70C9EF02299EDEF000BCDF00 /* divinity-138419.m4a */ = {isa = PBXFileReference; lastKnownFileType = file; path = "divinity-138419.m4a"; sourceTree = "<group>"; };
		70C9EF03299EDEF100BCDF00 /* space-rocket-lifter-138760.m4a */ = {isa = PBXFileReference; lastKnownFileType = file; path = "space-rocket-lifter-138760.m4a"; sourceTree = "<group>"; };
		70C9EF04299EDEF100BCDF00 /* big-ben-129049.m4a */ = {isa = PBXFileReference; lastKnownFileType = file; path = "big-ben-129049.m4a"; sourceTree = "<group>"; };
		70C9EF05299EDEF100BCDF00 /* dream-spiral-138336.m4a */ = {isa = PBXFileReference; lastKnownFileType = file; path = "dream-spiral-138336.m4a"; sourceTree = "<group>"; };
		70C9EF06299EDEF100BCDF00 /* drops-of-electricity-129230.m4a */ = {isa = PBXFileReference; lastKnownFileType = file; path = "drops-of-electricity-129230.m4a"; sourceTree = "<group>"; };
		70C9EF07299EDEF100BCDF00 /* mcools-downbeat-137278.m4a */ = {isa = PBXFileReference; lastKnownFileType = file; path = "mcools-downbeat-137278.m4a"; sourceTree = "<group>"; };
		70C9EF08299EDEF100BCDF00 /* cling-137907.m4a */ = {isa = PBXFileReference; lastKnownFileType = file; path = "cling-137907.m4a"; sourceTree = "<group>"; };
		70C9EF09299EDEF100BCDF00 /* nintendo-135443.m4a */ = {isa = PBXFileReference; lastKnownFileType = file; path = "nintendo-135443.m4a"; sourceTree = "<group>"; };
		70C9EF0A299EDEF100BCDF00 /* glider-137134.m4a */ = {isa = PBXFileReference; lastKnownFileType = file; path = "glider-137134.m4a"; sourceTree = "<group>"; };
		70C9EF0B299EDEF200BCDF00 /* c1-rainforest-133060.m4a */ = {isa = PBXFileReference; lastKnownFileType = file; path = "c1-rainforest-133060.m4a"; sourceTree = "<group>"; };
		70C9EF0C299EDEF200BCDF00 /* hofman-138068.m4a */ = {isa = PBXFileReference; lastKnownFileType = file; path = "hofman-138068.m4a"; sourceTree = "<group>"; };
		70C9EF0D299EDEF200BCDF00 /* p-train-1-99265.m4a */ = {isa = PBXFileReference; lastKnownFileType = file; path = "p-train-1-99265.m4a"; sourceTree = "<group>"; };
		70C9EF0E299EDEF200BCDF00 /* civil-defense-siren-128262.m4a */ = {isa = PBXFileReference; lastKnownFileType = file; path = "civil-defense-siren-128262.m4a"; sourceTree = "<group>"; };
		70C9EF0F299EDEF200BCDF00 /* ferric-oxide-fingers-129515.m4a */ = {isa = PBXFileReference; lastKnownFileType = file; path = "ferric-oxide-fingers-129515.m4a"; sourceTree = "<group>"; };
		70C9EF10299EDEF200BCDF00 /* crystals-138598.m4a */ = {isa = PBXFileReference; lastKnownFileType = file; path = "crystals-138598.m4a"; sourceTree = "<group>"; };
		70C9EF11299EDEF200BCDF00 /* gong-bell-129820.m4a */ = {isa = PBXFileReference; lastKnownFileType = file; path = "gong-bell-129820.m4a"; sourceTree = "<group>"; };
		70C9EF12299EDEF300BCDF00 /* modulation-cowbell-137279.m4a */ = {isa = PBXFileReference; lastKnownFileType = file; path = "modulation-cowbell-137279.m4a"; sourceTree = "<group>"; };
		70C9EF13299EDEF300BCDF00 /* simple-riser-138435.m4a */ = {isa = PBXFileReference; lastKnownFileType = file; path = "simple-riser-138435.m4a"; sourceTree = "<group>"; };
		70C9EF78299F893F00BCDF00 /* Factories.swift */ = {isa = PBXFileReference; lastKnownFileType = sourcecode.swift; path = Factories.swift; sourceTree = "<group>"; };
		70C9EF7A299FA63500BCDF00 /* Sound.swift */ = {isa = PBXFileReference; lastKnownFileType = sourcecode.swift; path = Sound.swift; sourceTree = "<group>"; };
/* End PBXFileReference section */

/* Begin PBXFrameworksBuildPhase section */
		70BCD5A029999C59000D89B7 /* Frameworks */ = {
			isa = PBXFrameworksBuildPhase;
			buildActionMask = 2147483647;
			files = (
			);
			runOnlyForDeploymentPostprocessing = 0;
		};
/* End PBXFrameworksBuildPhase section */

/* Begin PBXGroup section */
		70BCD59A29999C59000D89B7 = {
			isa = PBXGroup;
			children = (
				70BCD5A529999C59000D89B7 /* Ten Timer */,
				70BCD5A429999C59000D89B7 /* Products */,
			);
			sourceTree = "<group>";
		};
		70BCD5A429999C59000D89B7 /* Products */ = {
			isa = PBXGroup;
			children = (
				70BCD5A329999C59000D89B7 /* Ten Timer.app */,
			);
			name = Products;
			sourceTree = "<group>";
		};
		70BCD5A529999C59000D89B7 /* Ten Timer */ = {
			isa = PBXGroup;
			children = (
				70C9EE91299E339600BCDF00 /* Sounds */,
				70BCD5A629999C59000D89B7 /* AppDelegate.swift */,
				70BCD5C829999FA6000D89B7 /* Constants.swift */,
				70C9EF78299F893F00BCDF00 /* Factories.swift */,
				70C9EEA6299E3ADF00BCDF00 /* Sound.json */,
				70BCD5C229999E9A000D89B7 /* Extensions */,
				70BCD5BF29999E89000D89B7 /* Model */,
				70BCD5C029999E90000D89B7 /* View */,
				70BCD5DA2999EA24000D89B7 /* ViewModel */,
				70BCD5C129999E95000D89B7 /* Controller */,
				70BCD5C329999EA2000D89B7 /* Files */,
			);
			path = "Ten Timer";
			sourceTree = "<group>";
		};
		70BCD5BF29999E89000D89B7 /* Model */ = {
			isa = PBXGroup;
			children = (
				70BCD5AF29999C59000D89B7 /* TenTimer.xcdatamodeld */,
				70BCD5D62999CB2C000D89B7 /* TT.swift */,
				70C9EF7A299FA63500BCDF00 /* Sound.swift */,
				70C9EEAC299E5F6400BCDF00 /* Player.swift */,
				70BCD5D22999C24E000D89B7 /* UserDefaultsManager.swift */,
			);
			path = Model;
			sourceTree = "<group>";
		};
		70BCD5C029999E90000D89B7 /* View */ = {
			isa = PBXGroup;
			children = (
				70BCD5CA2999A277000D89B7 /* TimerCell.swift */,
				70C9EEAA299E567A00BCDF00 /* SoundCell.swift */,
			);
			path = View;
			sourceTree = "<group>";
		};
		70BCD5C129999E95000D89B7 /* Controller */ = {
			isa = PBXGroup;
			children = (
				70BCD5BD29999D41000D89B7 /* HomeController.swift */,
				700656B8299BD254003FEA91 /* TimerController.swift */,
				70BCD5D42999C8CF000D89B7 /* SettingsController.swift */,
				70C9EE8F299E227000BCDF00 /* SoundsController.swift */,
			);
			path = Controller;
			sourceTree = "<group>";
		};
		70BCD5C229999E9A000D89B7 /* Extensions */ = {
			isa = PBXGroup;
			children = (
				70BCD5C429999F03000D89B7 /* UIView+Extensions.swift */,
				70BCD5CC2999A2BA000D89B7 /* UIColor+Extensions.swift */,
				70BCD5CE2999A427000D89B7 /* UIButton+Extensions.swift */,
				70BCD5D02999A44C000D89B7 /* UIImage+Extensions.swift */,
				70BCD5D82999D018000D89B7 /* UITextField+Extensions.swift */,
				70C9EE8B299D940600BCDF00 /* UIViewController+Extensions.swift */,
			);
			path = Extensions;
			sourceTree = "<group>";
		};
		70BCD5C329999EA2000D89B7 /* Files */ = {
			isa = PBXGroup;
			children = (
				70BCD5B429999C5E000D89B7 /* LaunchScreen.storyboard */,
				70BCD5B229999C5E000D89B7 /* Assets.xcassets */,
				70BCD5B729999C5E000D89B7 /* Info.plist */,
			);
			name = Files;
			sourceTree = "<group>";
		};
		70BCD5DA2999EA24000D89B7 /* ViewModel */ = {
			isa = PBXGroup;
			children = (
				70BCD5DB2999EA41000D89B7 /* TimerViewModel.swift */,
			);
			path = ViewModel;
			sourceTree = "<group>";
		};
		70C9EE91299E339600BCDF00 /* Sounds */ = {
			isa = PBXGroup;
			children = (
				70C9EEE6299EDEEC00BCDF00 /* add-kick-138064.m4a */,
				70C9EEEC299EDEED00BCDF00 /* alien-interface-132922.m4a */,
				70C9EED6299EDEEA00BCDF00 /* atmospheric-percussion-132654.m4a */,
				70C9EED0299EDEE900BCDF00 /* attack-laser-128280.m4a */,
				70C9EEDE299EDEEB00BCDF00 /* bachelor-137658.m4a */,
				70C9EECD299EDEE900BCDF00 /* big-alert-136677.m4a */,
				70C9EEC4299EDEE800BCDF00 /* big-bang-137133.m4a */,
				70C9EF04299EDEF100BCDF00 /* big-ben-129049.m4a */,
				70C9EEEB299EDEED00BCDF00 /* bop-137905.m4a */,
				70C9EF0B299EDEF200BCDF00 /* c1-rainforest-133060.m4a */,
				70C9EEB3299EDEE500BCDF00 /* celmo-scanner-138337.m4a */,
				70C9EF0E299EDEF200BCDF00 /* civil-defense-siren-128262.m4a */,
				70C9EEB2299EDEE500BCDF00 /* classic-piouh-2-135674.m4a */,
				70C9EF08299EDEF100BCDF00 /* cling-137907.m4a */,
				70C9EEB7299EDEE600BCDF00 /* clinking-of-glasses-129822.m4a */,
				70C9EEC7299EDEE800BCDF00 /* comb-riser-136684.m4a */,
				70C9EEFF299EDEF000BCDF00 /* convergence-132924.m4a */,
				70C9EF10299EDEF200BCDF00 /* crystals-138598.m4a */,
				70C9EECA299EDEE800BCDF00 /* defuser-138066.m4a */,
				70C9EF02299EDEF000BCDF00 /* divinity-138419.m4a */,
				70C9EF05299EDEF100BCDF00 /* dream-spiral-138336.m4a */,
				70C9EEE3299EDEEC00BCDF00 /* dreamspace-128418.m4a */,
				70C9EF06299EDEF100BCDF00 /* drops-of-electricity-129230.m4a */,
				70C9EEC0299EDEE700BCDF00 /* drum-and-bass-drums-loop-160-bpm-1-131244.m4a */,
				70C9EEFE299EDEF000BCDF00 /* evil-reece-137908.m4a */,
				70C9EF0F299EDEF200BCDF00 /* ferric-oxide-fingers-129515.m4a */,
				70C9EEB0299EDEE500BCDF00 /* flute-132530.m4a */,
				70C9EEF1299EDEEE00BCDF00 /* fly-129618.m4a */,
				70C9EEDD299EDEEB00BCDF00 /* fringe-136686.m4a */,
				70C9EECF299EDEE900BCDF00 /* gate-of-heaven-128130.m4a */,
				70C9EF0A299EDEF100BCDF00 /* glider-137134.m4a */,
				70C9EEC2299EDEE700BCDF00 /* gold-metal-137036.m4a */,
				70C9EF11299EDEF200BCDF00 /* gong-bell-129820.m4a */,
				70C9EF00299EDEF000BCDF00 /* goth-138067.m4a */,
				70C9EEB6299EDEE600BCDF00 /* helicopter-129052.m4a */,
				70C9EEBB299EDEE600BCDF00 /* hip-hop-drums-loop-140-bpm-1-131240.m4a */,
				70C9EF0C299EDEF200BCDF00 /* hofman-138068.m4a */,
				70C9EEDF299EDEEC00BCDF00 /* hope-dies-last-136817.m4a */,
				70C9EEDA299EDEEB00BCDF00 /* huge-downer-132531.m4a */,
				70C9EEC6299EDEE800BCDF00 /* laser-133063.m4a */,
				70C9EEBC299EDEE700BCDF00 /* loneliness-136818.m4a */,
				70C9EECE299EDEE900BCDF00 /* madness-137820.m4a */,
				70C9EEF7299EDEEF00BCDF00 /* mallets-137665.m4a */,
				70C9EF07299EDEF100BCDF00 /* mcools-downbeat-137278.m4a */,
				70C9EEC1299EDEE700BCDF00 /* mechanic-up-137821.m4a */,
				70C9EECC299EDEE900BCDF00 /* metallic-playground-128426.m4a */,
				70C9EF12299EDEF300BCDF00 /* modulation-cowbell-137279.m4a */,
				70C9EEEF299EDEEE00BCDF00 /* multiverse-138425.m4a */,
				70C9EED3299EDEEA00BCDF00 /* natural-light-138426.m4a */,
				70C9EF09299EDEF100BCDF00 /* nintendo-135443.m4a */,
				70C9EEF3299EDEEE00BCDF00 /* oblivion-beat-137283.m4a */,
				70C9EEC5299EDEE800BCDF00 /* one-shot-137060.m4a */,
				70C9EF0D299EDEF200BCDF00 /* p-train-1-99265.m4a */,
				70C9EEE5299EDEEC00BCDF00 /* p-train-steam-whistle-1-99274.m4a */,
				70C9EEC9299EDEE800BCDF00 /* pathways-138429.m4a */,
				70C9EF01299EDEF000BCDF00 /* phasing-hats-137062.m4a */,
				70C9EECB299EDEE900BCDF00 /* power-up-137911.m4a */,
				70C9EEC3299EDEE700BCDF00 /* put-it-up-138861.m4a */,
				70C9EEF0299EDEEE00BCDF00 /* radio-interference-137140.m4a */,
				70C9EEFB299EDEEF00BCDF00 /* ratte-tale-137666.m4a */,
				70C9EEB5299EDEE600BCDF00 /* red-arrow-137823.m4a */,
				70C9EEDC299EDEEB00BCDF00 /* robot-down-137913.m4a */,
				70C9EEB8299EDEE600BCDF00 /* robotic-shoot-138432.m4a */,
				70C9EEDB299EDEEB00BCDF00 /* s-bird-voices-7716.m4a */,
				70C9EED5299EDEEA00BCDF00 /* s-birds-frogs-nature-8257.m4a */,
				70C9EEFA299EDEEF00BCDF00 /* saturns-downbeat-137419.m4a */,
				70C9EEEE299EDEEE00BCDF00 /* schlagbolzen-137064.m4a */,
				70C9EEF9299EDEEF00BCDF00 /* sea-of-voices-bells-138433.m4a */,
				70C9EEFD299EDEF000BCDF00 /* shadow-137825.m4a */,
				70C9EEFC299EDEF000BCDF00 /* shepard-tone-137065.m4a */,
				70C9EEE2299EDEEC00BCDF00 /* shine-down-135681.m4a */,
				70C9EEED299EDEED00BCDF00 /* ship-siren-137067.m4a */,
				70C9EED7299EDEEA00BCDF00 /* signal-135707.m4a */,
				70C9EF13299EDEF300BCDF00 /* simple-riser-138435.m4a */,
				70C9EEE4299EDEEC00BCDF00 /* sine-drop-133493.m4a */,
				70C9EED2299EDEEA00BCDF00 /* siren-128562.m4a */,
				70C9EEB1299EDEE500BCDF00 /* sos-signal-137144.m4a */,
				70C9EF03299EDEF100BCDF00 /* space-rocket-lifter-138760.m4a */,
				70C9EEF6299EDEEF00BCDF00 /* spooky-ghosts-128837.m4a */,
				70C9EEF8299EDEEF00BCDF00 /* spring-day-132408.m4a */,
				70C9EEE1299EDEEC00BCDF00 /* straight-pitcher-135864.m4a */,
				70C9EED4299EDEEA00BCDF00 /* strange-percussion-137421.m4a */,
				70C9EEE7299EDEED00BCDF00 /* techno-drums-loop-120-bpm-1-131243.m4a */,
				70C9EEF2299EDEEE00BCDF00 /* telephone-ring-129620.m4a */,
				70C9EEC8299EDEE800BCDF00 /* temple-137503.m4a */,
				70C9EEB4299EDEE500BCDF00 /* the-heat-137070.m4a */,
				70C9EEF5299EDEEE00BCDF00 /* the-operation-137072.m4a */,
				70C9EEBF299EDEE700BCDF00 /* turbulent-flow-138764.m4a */,
				70C9EEF4299EDEEE00BCDF00 /* turn-down-137915.m4a */,
				70C9EEE8299EDEED00BCDF00 /* u-happy-123735.m4a */,
				70C9EED9299EDEEB00BCDF00 /* u-horse-123780.m4a */,
				70C9EED1299EDEE900BCDF00 /* u-morse-code-131798.m4a */,
				70C9EEB9299EDEE600BCDF00 /* u-piano-for-youtube-131799.m4a */,
				70C9EED8299EDEEA00BCDF00 /* u-pipe-117724.m4a */,
				70C9EEBE299EDEE700BCDF00 /* u-ringtone-126505.m4a */,
				70C9EEE0299EDEEC00BCDF00 /* u-sounds-of-nature-114227.m4a */,
				70C9EEBA299EDEE600BCDF00 /* u-the-sound-of-nature-123109.m4a */,
				70C9EEE9299EDEED00BCDF00 /* whip-137920.m4a */,
				70C9EEEA299EDEED00BCDF00 /* world-galaxy-beat-137425.m4a */,
				70C9EEBD299EDEE700BCDF00 /* x-alien-alarm-136382.m4a */,
			);
			path = Sounds;
			sourceTree = "<group>";
		};
/* End PBXGroup section */

/* Begin PBXNativeTarget section */
		70BCD5A229999C59000D89B7 /* Ten Timer */ = {
			isa = PBXNativeTarget;
			buildConfigurationList = 70BCD5BA29999C5E000D89B7 /* Build configuration list for PBXNativeTarget "Ten Timer" */;
			buildPhases = (
				70BCD59F29999C59000D89B7 /* Sources */,
				70BCD5A029999C59000D89B7 /* Frameworks */,
				70BCD5A129999C59000D89B7 /* Resources */,
			);
			buildRules = (
			);
			dependencies = (
			);
			name = "Ten Timer";
			productName = "Ten Timer";
			productReference = 70BCD5A329999C59000D89B7 /* Ten Timer.app */;
			productType = "com.apple.product-type.application";
		};
/* End PBXNativeTarget section */

/* Begin PBXProject section */
		70BCD59B29999C59000D89B7 /* Project object */ = {
			isa = PBXProject;
			attributes = {
				BuildIndependentTargetsInParallel = 1;
				LastSwiftUpdateCheck = 1340;
				LastUpgradeCheck = 1340;
				TargetAttributes = {
					70BCD5A229999C59000D89B7 = {
						CreatedOnToolsVersion = 13.4.1;
					};
				};
			};
			buildConfigurationList = 70BCD59E29999C59000D89B7 /* Build configuration list for PBXProject "Ten Timer" */;
			compatibilityVersion = "Xcode 13.0";
			developmentRegion = en;
			hasScannedForEncodings = 0;
			knownRegions = (
				en,
				Base,
			);
			mainGroup = 70BCD59A29999C59000D89B7;
			productRefGroup = 70BCD5A429999C59000D89B7 /* Products */;
			projectDirPath = "";
			projectRoot = "";
			targets = (
				70BCD5A229999C59000D89B7 /* Ten Timer */,
			);
		};
/* End PBXProject section */

/* Begin PBXResourcesBuildPhase section */
		70BCD5A129999C59000D89B7 /* Resources */ = {
			isa = PBXResourcesBuildPhase;
			buildActionMask = 2147483647;
			files = (
				70C9EF26299EDEF300BCDF00 /* gold-metal-137036.m4a in Resources */,
				70C9EF2E299EDEF300BCDF00 /* defuser-138066.m4a in Resources */,
				70C9EF55299EDEF300BCDF00 /* fly-129618.m4a in Resources */,
				70C9EF77299EDEF300BCDF00 /* simple-riser-138435.m4a in Resources */,
				70C9EF42299EDEF300BCDF00 /* bachelor-137658.m4a in Resources */,
				70C9EF29299EDEF300BCDF00 /* one-shot-137060.m4a in Resources */,
				70C9EF71299EDEF300BCDF00 /* p-train-1-99265.m4a in Resources */,
				70C9EF32299EDEF300BCDF00 /* madness-137820.m4a in Resources */,
				70C9EF4D299EDEF300BCDF00 /* whip-137920.m4a in Resources */,
				70C9EF64299EDEF300BCDF00 /* goth-138067.m4a in Resources */,
				70C9EF62299EDEF300BCDF00 /* evil-reece-137908.m4a in Resources */,
				70C9EF61299EDEF300BCDF00 /* shadow-137825.m4a in Resources */,
				70C9EF69299EDEF300BCDF00 /* dream-spiral-138336.m4a in Resources */,
				70C9EF3D299EDEF300BCDF00 /* u-horse-123780.m4a in Resources */,
				70C9EF1E299EDEF300BCDF00 /* u-the-sound-of-nature-123109.m4a in Resources */,
				70C9EF68299EDEF300BCDF00 /* big-ben-129049.m4a in Resources */,
				70C9EF56299EDEF300BCDF00 /* telephone-ring-129620.m4a in Resources */,
				70C9EF25299EDEF300BCDF00 /* mechanic-up-137821.m4a in Resources */,
				70C9EF6B299EDEF300BCDF00 /* mcools-downbeat-137278.m4a in Resources */,
				70C9EF52299EDEF300BCDF00 /* schlagbolzen-137064.m4a in Resources */,
				70C9EF6A299EDEF300BCDF00 /* drops-of-electricity-129230.m4a in Resources */,
				70C9EF2C299EDEF300BCDF00 /* temple-137503.m4a in Resources */,
				70C9EF49299EDEF300BCDF00 /* p-train-steam-whistle-1-99274.m4a in Resources */,
				70C9EF1B299EDEF300BCDF00 /* clinking-of-glasses-129822.m4a in Resources */,
				70C9EF66299EDEF300BCDF00 /* divinity-138419.m4a in Resources */,
				70C9EF3E299EDEF300BCDF00 /* huge-downer-132531.m4a in Resources */,
				70C9EF43299EDEF300BCDF00 /* hope-dies-last-136817.m4a in Resources */,
				70C9EF1D299EDEF300BCDF00 /* u-piano-for-youtube-131799.m4a in Resources */,
				70C9EF54299EDEF300BCDF00 /* radio-interference-137140.m4a in Resources */,
				70C9EF17299EDEF300BCDF00 /* celmo-scanner-138337.m4a in Resources */,
				70C9EF16299EDEF300BCDF00 /* classic-piouh-2-135674.m4a in Resources */,
				70C9EF50299EDEF300BCDF00 /* alien-interface-132922.m4a in Resources */,
				70C9EF44299EDEF300BCDF00 /* u-sounds-of-nature-114227.m4a in Resources */,
				70C9EF33299EDEF300BCDF00 /* gate-of-heaven-128130.m4a in Resources */,
				70C9EF3A299EDEF300BCDF00 /* atmospheric-percussion-132654.m4a in Resources */,
				70C9EF70299EDEF300BCDF00 /* hofman-138068.m4a in Resources */,
				70C9EF41299EDEF300BCDF00 /* fringe-136686.m4a in Resources */,
				70C9EF37299EDEF300BCDF00 /* natural-light-138426.m4a in Resources */,
				70C9EF1A299EDEF300BCDF00 /* helicopter-129052.m4a in Resources */,
				70C9EF31299EDEF300BCDF00 /* big-alert-136677.m4a in Resources */,
				70C9EF5F299EDEF300BCDF00 /* ratte-tale-137666.m4a in Resources */,
				70C9EF18299EDEF300BCDF00 /* the-heat-137070.m4a in Resources */,
				70C9EF22299EDEF300BCDF00 /* u-ringtone-126505.m4a in Resources */,
				70C9EF65299EDEF300BCDF00 /* phasing-hats-137062.m4a in Resources */,
				70C9EF6F299EDEF300BCDF00 /* c1-rainforest-133060.m4a in Resources */,
				70C9EF5B299EDEF300BCDF00 /* mallets-137665.m4a in Resources */,
				70C9EF53299EDEF300BCDF00 /* multiverse-138425.m4a in Resources */,
				70C9EEA9299E3F9600BCDF00 /* Sound.json in Resources */,
				70C9EF48299EDEF300BCDF00 /* sine-drop-133493.m4a in Resources */,
				70C9EF6C299EDEF300BCDF00 /* cling-137907.m4a in Resources */,
				70C9EF73299EDEF300BCDF00 /* ferric-oxide-fingers-129515.m4a in Resources */,
				70C9EF60299EDEF300BCDF00 /* shepard-tone-137065.m4a in Resources */,
				70C9EF40299EDEF300BCDF00 /* robot-down-137913.m4a in Resources */,
				70C9EF2A299EDEF300BCDF00 /* laser-133063.m4a in Resources */,
				70C9EF72299EDEF300BCDF00 /* civil-defense-siren-128262.m4a in Resources */,
				70C9EF57299EDEF300BCDF00 /* oblivion-beat-137283.m4a in Resources */,
				70C9EF30299EDEF300BCDF00 /* metallic-playground-128426.m4a in Resources */,
				70C9EF4B299EDEF300BCDF00 /* techno-drums-loop-120-bpm-1-131243.m4a in Resources */,
				70BCD5B629999C5E000D89B7 /* LaunchScreen.storyboard in Resources */,
				70C9EF2D299EDEF300BCDF00 /* pathways-138429.m4a in Resources */,
				70C9EF58299EDEF300BCDF00 /* turn-down-137915.m4a in Resources */,
				70C9EF4A299EDEF300BCDF00 /* add-kick-138064.m4a in Resources */,
				70C9EF2B299EDEF300BCDF00 /* comb-riser-136684.m4a in Resources */,
				70C9EF20299EDEF300BCDF00 /* loneliness-136818.m4a in Resources */,
				70C9EF74299EDEF300BCDF00 /* crystals-138598.m4a in Resources */,
				70C9EF38299EDEF300BCDF00 /* strange-percussion-137421.m4a in Resources */,
				70C9EF3F299EDEF300BCDF00 /* s-bird-voices-7716.m4a in Resources */,
				70C9EF21299EDEF300BCDF00 /* x-alien-alarm-136382.m4a in Resources */,
				70C9EF3B299EDEF300BCDF00 /* signal-135707.m4a in Resources */,
				70C9EF59299EDEF300BCDF00 /* the-operation-137072.m4a in Resources */,
				70C9EF39299EDEF300BCDF00 /* s-birds-frogs-nature-8257.m4a in Resources */,
				70C9EF76299EDEF300BCDF00 /* modulation-cowbell-137279.m4a in Resources */,
				70C9EF75299EDEF300BCDF00 /* gong-bell-129820.m4a in Resources */,
				70C9EF27299EDEF300BCDF00 /* put-it-up-138861.m4a in Resources */,
				70C9EF4F299EDEF300BCDF00 /* bop-137905.m4a in Resources */,
				70C9EF5C299EDEF300BCDF00 /* spring-day-132408.m4a in Resources */,
				70C9EF63299EDEF300BCDF00 /* convergence-132924.m4a in Resources */,
				70C9EF6E299EDEF300BCDF00 /* glider-137134.m4a in Resources */,
				70C9EF34299EDEF300BCDF00 /* attack-laser-128280.m4a in Resources */,
				70C9EF24299EDEF300BCDF00 /* drum-and-bass-drums-loop-160-bpm-1-131244.m4a in Resources */,
				70BCD5B329999C5E000D89B7 /* Assets.xcassets in Resources */,
				70C9EF5E299EDEF300BCDF00 /* saturns-downbeat-137419.m4a in Resources */,
				70C9EF28299EDEF300BCDF00 /* big-bang-137133.m4a in Resources */,
				70C9EF5D299EDEF300BCDF00 /* sea-of-voices-bells-138433.m4a in Resources */,
				70C9EF23299EDEF300BCDF00 /* turbulent-flow-138764.m4a in Resources */,
				70C9EF2F299EDEF300BCDF00 /* power-up-137911.m4a in Resources */,
				70C9EF4C299EDEF300BCDF00 /* u-happy-123735.m4a in Resources */,
				70C9EF47299EDEF300BCDF00 /* dreamspace-128418.m4a in Resources */,
				70C9EF3C299EDEF300BCDF00 /* u-pipe-117724.m4a in Resources */,
				70C9EF51299EDEF300BCDF00 /* ship-siren-137067.m4a in Resources */,
				70C9EF67299EDEF300BCDF00 /* space-rocket-lifter-138760.m4a in Resources */,
				70C9EF15299EDEF300BCDF00 /* sos-signal-137144.m4a in Resources */,
				70C9EF46299EDEF300BCDF00 /* shine-down-135681.m4a in Resources */,
				70C9EF45299EDEF300BCDF00 /* straight-pitcher-135864.m4a in Resources */,
				70C9EF5A299EDEF300BCDF00 /* spooky-ghosts-128837.m4a in Resources */,
				70C9EF19299EDEF300BCDF00 /* red-arrow-137823.m4a in Resources */,
				70C9EF35299EDEF300BCDF00 /* u-morse-code-131798.m4a in Resources */,
				70C9EF1F299EDEF300BCDF00 /* hip-hop-drums-loop-140-bpm-1-131240.m4a in Resources */,
				70C9EF1C299EDEF300BCDF00 /* robotic-shoot-138432.m4a in Resources */,
				70C9EF6D299EDEF300BCDF00 /* nintendo-135443.m4a in Resources */,
				70C9EF4E299EDEF300BCDF00 /* world-galaxy-beat-137425.m4a in Resources */,
				70C9EF36299EDEF300BCDF00 /* siren-128562.m4a in Resources */,
				70C9EF14299EDEF300BCDF00 /* flute-132530.m4a in Resources */,
			);
			runOnlyForDeploymentPostprocessing = 0;
		};
/* End PBXResourcesBuildPhase section */

/* Begin PBXSourcesBuildPhase section */
		70BCD59F29999C59000D89B7 /* Sources */ = {
			isa = PBXSourcesBuildPhase;
			buildActionMask = 2147483647;
			files = (
				70BCD5D52999C8CF000D89B7 /* SettingsController.swift in Sources */,
				70BCD5BE29999D41000D89B7 /* HomeController.swift in Sources */,
				70BCD5CB2999A278000D89B7 /* TimerCell.swift in Sources */,
				70C9EEAB299E567A00BCDF00 /* SoundCell.swift in Sources */,
				70BCD5B129999C59000D89B7 /* TenTimer.xcdatamodeld in Sources */,
				70BCD5D72999CB2C000D89B7 /* TT.swift in Sources */,
				700656B9299BD254003FEA91 /* TimerController.swift in Sources */,
				70C9EF7B299FA63500BCDF00 /* Sound.swift in Sources */,
				70BCD5CF2999A427000D89B7 /* UIButton+Extensions.swift in Sources */,
				70C9EE90299E227000BCDF00 /* SoundsController.swift in Sources */,
				70BCD5D32999C24E000D89B7 /* UserDefaultsManager.swift in Sources */,
				70BCD5D92999D018000D89B7 /* UITextField+Extensions.swift in Sources */,
				70BCD5D12999A44C000D89B7 /* UIImage+Extensions.swift in Sources */,
				70BCD5C529999F03000D89B7 /* UIView+Extensions.swift in Sources */,
				70BCD5DC2999EA41000D89B7 /* TimerViewModel.swift in Sources */,
				70C9EE8C299D940600BCDF00 /* UIViewController+Extensions.swift in Sources */,
				70BCD5C929999FA6000D89B7 /* Constants.swift in Sources */,
				70C9EEAD299E5F6400BCDF00 /* Player.swift in Sources */,
				70BCD5A729999C59000D89B7 /* AppDelegate.swift in Sources */,
				70C9EF79299F893F00BCDF00 /* Factories.swift in Sources */,
				70BCD5CD2999A2BA000D89B7 /* UIColor+Extensions.swift in Sources */,
			);
			runOnlyForDeploymentPostprocessing = 0;
		};
/* End PBXSourcesBuildPhase section */

/* Begin PBXVariantGroup section */
		70BCD5B429999C5E000D89B7 /* LaunchScreen.storyboard */ = {
			isa = PBXVariantGroup;
			children = (
				70BCD5B529999C5E000D89B7 /* Base */,
			);
			name = LaunchScreen.storyboard;
			sourceTree = "<group>";
		};
/* End PBXVariantGroup section */

/* Begin XCBuildConfiguration section */
		70BCD5B829999C5E000D89B7 /* Debug */ = {
			isa = XCBuildConfiguration;
			buildSettings = {
				ALWAYS_SEARCH_USER_PATHS = NO;
				CLANG_ANALYZER_NONNULL = YES;
				CLANG_ANALYZER_NUMBER_OBJECT_CONVERSION = YES_AGGRESSIVE;
				CLANG_CXX_LANGUAGE_STANDARD = "gnu++17";
				CLANG_ENABLE_MODULES = YES;
				CLANG_ENABLE_OBJC_ARC = YES;
				CLANG_ENABLE_OBJC_WEAK = YES;
				CLANG_WARN_BLOCK_CAPTURE_AUTORELEASING = YES;
				CLANG_WARN_BOOL_CONVERSION = YES;
				CLANG_WARN_COMMA = YES;
				CLANG_WARN_CONSTANT_CONVERSION = YES;
				CLANG_WARN_DEPRECATED_OBJC_IMPLEMENTATIONS = YES;
				CLANG_WARN_DIRECT_OBJC_ISA_USAGE = YES_ERROR;
				CLANG_WARN_DOCUMENTATION_COMMENTS = YES;
				CLANG_WARN_EMPTY_BODY = YES;
				CLANG_WARN_ENUM_CONVERSION = YES;
				CLANG_WARN_INFINITE_RECURSION = YES;
				CLANG_WARN_INT_CONVERSION = YES;
				CLANG_WARN_NON_LITERAL_NULL_CONVERSION = YES;
				CLANG_WARN_OBJC_IMPLICIT_RETAIN_SELF = YES;
				CLANG_WARN_OBJC_LITERAL_CONVERSION = YES;
				CLANG_WARN_OBJC_ROOT_CLASS = YES_ERROR;
				CLANG_WARN_QUOTED_INCLUDE_IN_FRAMEWORK_HEADER = YES;
				CLANG_WARN_RANGE_LOOP_ANALYSIS = YES;
				CLANG_WARN_STRICT_PROTOTYPES = YES;
				CLANG_WARN_SUSPICIOUS_MOVE = YES;
				CLANG_WARN_UNGUARDED_AVAILABILITY = YES_AGGRESSIVE;
				CLANG_WARN_UNREACHABLE_CODE = YES;
				CLANG_WARN__DUPLICATE_METHOD_MATCH = YES;
				COPY_PHASE_STRIP = NO;
				DEBUG_INFORMATION_FORMAT = dwarf;
				ENABLE_STRICT_OBJC_MSGSEND = YES;
				ENABLE_TESTABILITY = YES;
				GCC_C_LANGUAGE_STANDARD = gnu11;
				GCC_DYNAMIC_NO_PIC = NO;
				GCC_NO_COMMON_BLOCKS = YES;
				GCC_OPTIMIZATION_LEVEL = 0;
				GCC_PREPROCESSOR_DEFINITIONS = (
					"DEBUG=1",
					"$(inherited)",
				);
				GCC_WARN_64_TO_32_BIT_CONVERSION = YES;
				GCC_WARN_ABOUT_RETURN_TYPE = YES_ERROR;
				GCC_WARN_UNDECLARED_SELECTOR = YES;
				GCC_WARN_UNINITIALIZED_AUTOS = YES_AGGRESSIVE;
				GCC_WARN_UNUSED_FUNCTION = YES;
				GCC_WARN_UNUSED_VARIABLE = YES;
				IPHONEOS_DEPLOYMENT_TARGET = 13.0;
				MTL_ENABLE_DEBUG_INFO = INCLUDE_SOURCE;
				MTL_FAST_MATH = YES;
				ONLY_ACTIVE_ARCH = YES;
				SDKROOT = iphoneos;
				SWIFT_ACTIVE_COMPILATION_CONDITIONS = DEBUG;
				SWIFT_OPTIMIZATION_LEVEL = "-Onone";
			};
			name = Debug;
		};
		70BCD5B929999C5E000D89B7 /* Release */ = {
			isa = XCBuildConfiguration;
			buildSettings = {
				ALWAYS_SEARCH_USER_PATHS = NO;
				CLANG_ANALYZER_NONNULL = YES;
				CLANG_ANALYZER_NUMBER_OBJECT_CONVERSION = YES_AGGRESSIVE;
				CLANG_CXX_LANGUAGE_STANDARD = "gnu++17";
				CLANG_ENABLE_MODULES = YES;
				CLANG_ENABLE_OBJC_ARC = YES;
				CLANG_ENABLE_OBJC_WEAK = YES;
				CLANG_WARN_BLOCK_CAPTURE_AUTORELEASING = YES;
				CLANG_WARN_BOOL_CONVERSION = YES;
				CLANG_WARN_COMMA = YES;
				CLANG_WARN_CONSTANT_CONVERSION = YES;
				CLANG_WARN_DEPRECATED_OBJC_IMPLEMENTATIONS = YES;
				CLANG_WARN_DIRECT_OBJC_ISA_USAGE = YES_ERROR;
				CLANG_WARN_DOCUMENTATION_COMMENTS = YES;
				CLANG_WARN_EMPTY_BODY = YES;
				CLANG_WARN_ENUM_CONVERSION = YES;
				CLANG_WARN_INFINITE_RECURSION = YES;
				CLANG_WARN_INT_CONVERSION = YES;
				CLANG_WARN_NON_LITERAL_NULL_CONVERSION = YES;
				CLANG_WARN_OBJC_IMPLICIT_RETAIN_SELF = YES;
				CLANG_WARN_OBJC_LITERAL_CONVERSION = YES;
				CLANG_WARN_OBJC_ROOT_CLASS = YES_ERROR;
				CLANG_WARN_QUOTED_INCLUDE_IN_FRAMEWORK_HEADER = YES;
				CLANG_WARN_RANGE_LOOP_ANALYSIS = YES;
				CLANG_WARN_STRICT_PROTOTYPES = YES;
				CLANG_WARN_SUSPICIOUS_MOVE = YES;
				CLANG_WARN_UNGUARDED_AVAILABILITY = YES_AGGRESSIVE;
				CLANG_WARN_UNREACHABLE_CODE = YES;
				CLANG_WARN__DUPLICATE_METHOD_MATCH = YES;
				COPY_PHASE_STRIP = NO;
				DEBUG_INFORMATION_FORMAT = "dwarf-with-dsym";
				ENABLE_NS_ASSERTIONS = NO;
				ENABLE_STRICT_OBJC_MSGSEND = YES;
				GCC_C_LANGUAGE_STANDARD = gnu11;
				GCC_NO_COMMON_BLOCKS = YES;
				GCC_WARN_64_TO_32_BIT_CONVERSION = YES;
				GCC_WARN_ABOUT_RETURN_TYPE = YES_ERROR;
				GCC_WARN_UNDECLARED_SELECTOR = YES;
				GCC_WARN_UNINITIALIZED_AUTOS = YES_AGGRESSIVE;
				GCC_WARN_UNUSED_FUNCTION = YES;
				GCC_WARN_UNUSED_VARIABLE = YES;
				IPHONEOS_DEPLOYMENT_TARGET = 13.0;
				MTL_ENABLE_DEBUG_INFO = NO;
				MTL_FAST_MATH = YES;
				SDKROOT = iphoneos;
				SWIFT_COMPILATION_MODE = wholemodule;
				SWIFT_OPTIMIZATION_LEVEL = "-O";
				VALIDATE_PRODUCT = YES;
			};
			name = Release;
		};
		70BCD5BB29999C5E000D89B7 /* Debug */ = {
			isa = XCBuildConfiguration;
			buildSettings = {
				ASSETCATALOG_COMPILER_APPICON_NAME = AppIcon;
				ASSETCATALOG_COMPILER_GLOBAL_ACCENT_COLOR_NAME = AccentColor;
				CODE_SIGN_STYLE = Automatic;
				CURRENT_PROJECT_VERSION = 1;
				DEVELOPMENT_TEAM = UA5J3LA7RU;
				GENERATE_INFOPLIST_FILE = YES;
				INFOPLIST_FILE = "Ten Timer/Info.plist";
				INFOPLIST_KEY_UIApplicationSupportsIndirectInputEvents = YES;
				INFOPLIST_KEY_UILaunchStoryboardName = LaunchScreen;
				INFOPLIST_KEY_UISupportedInterfaceOrientations_iPad = "UIInterfaceOrientationPortrait UIInterfaceOrientationPortraitUpsideDown UIInterfaceOrientationLandscapeLeft UIInterfaceOrientationLandscapeRight";
				INFOPLIST_KEY_UISupportedInterfaceOrientations_iPhone = "UIInterfaceOrientationPortrait UIInterfaceOrientationLandscapeLeft UIInterfaceOrientationLandscapeRight";
				IPHONEOS_DEPLOYMENT_TARGET = 13.0;
				LD_RUNPATH_SEARCH_PATHS = (
					"$(inherited)",
					"@executable_path/Frameworks",
				);
				MARKETING_VERSION = 1.0;
				PRODUCT_BUNDLE_IDENTIFIER = "com.ibrahimuysal.Ten-Timer";
				PRODUCT_NAME = "$(TARGET_NAME)";
				SWIFT_EMIT_LOC_STRINGS = YES;
				SWIFT_VERSION = 5.0;
				TARGETED_DEVICE_FAMILY = "1,2";
			};
			name = Debug;
		};
		70BCD5BC29999C5E000D89B7 /* Release */ = {
			isa = XCBuildConfiguration;
			buildSettings = {
				ASSETCATALOG_COMPILER_APPICON_NAME = AppIcon;
				ASSETCATALOG_COMPILER_GLOBAL_ACCENT_COLOR_NAME = AccentColor;
				CODE_SIGN_STYLE = Automatic;
				CURRENT_PROJECT_VERSION = 1;
				DEVELOPMENT_TEAM = UA5J3LA7RU;
				GENERATE_INFOPLIST_FILE = YES;
				INFOPLIST_FILE = "Ten Timer/Info.plist";
				INFOPLIST_KEY_UIApplicationSupportsIndirectInputEvents = YES;
				INFOPLIST_KEY_UILaunchStoryboardName = LaunchScreen;
				INFOPLIST_KEY_UISupportedInterfaceOrientations_iPad = "UIInterfaceOrientationPortrait UIInterfaceOrientationPortraitUpsideDown UIInterfaceOrientationLandscapeLeft UIInterfaceOrientationLandscapeRight";
				INFOPLIST_KEY_UISupportedInterfaceOrientations_iPhone = "UIInterfaceOrientationPortrait UIInterfaceOrientationLandscapeLeft UIInterfaceOrientationLandscapeRight";
				IPHONEOS_DEPLOYMENT_TARGET = 13.0;
				LD_RUNPATH_SEARCH_PATHS = (
					"$(inherited)",
					"@executable_path/Frameworks",
				);
				MARKETING_VERSION = 1.0;
				PRODUCT_BUNDLE_IDENTIFIER = "com.ibrahimuysal.Ten-Timer";
				PRODUCT_NAME = "$(TARGET_NAME)";
				SWIFT_EMIT_LOC_STRINGS = YES;
				SWIFT_VERSION = 5.0;
				TARGETED_DEVICE_FAMILY = "1,2";
			};
			name = Release;
		};
/* End XCBuildConfiguration section */

/* Begin XCConfigurationList section */
		70BCD59E29999C59000D89B7 /* Build configuration list for PBXProject "Ten Timer" */ = {
			isa = XCConfigurationList;
			buildConfigurations = (
				70BCD5B829999C5E000D89B7 /* Debug */,
				70BCD5B929999C5E000D89B7 /* Release */,
			);
			defaultConfigurationIsVisible = 0;
			defaultConfigurationName = Release;
		};
		70BCD5BA29999C5E000D89B7 /* Build configuration list for PBXNativeTarget "Ten Timer" */ = {
			isa = XCConfigurationList;
			buildConfigurations = (
				70BCD5BB29999C5E000D89B7 /* Debug */,
				70BCD5BC29999C5E000D89B7 /* Release */,
			);
			defaultConfigurationIsVisible = 0;
			defaultConfigurationName = Release;
		};
/* End XCConfigurationList section */

/* Begin XCVersionGroup section */
		70BCD5AF29999C59000D89B7 /* TenTimer.xcdatamodeld */ = {
			isa = XCVersionGroup;
			children = (
				70BCD5B029999C59000D89B7 /* Ten_Timer.xcdatamodel */,
			);
			currentVersion = 70BCD5B029999C59000D89B7 /* Ten_Timer.xcdatamodel */;
			path = TenTimer.xcdatamodeld;
			sourceTree = "<group>";
			versionGroupType = wrapper.xcdatamodel;
		};
/* End XCVersionGroup section */
	};
	rootObject = 70BCD59B29999C59000D89B7 /* Project object */;
}
